
Microsoft Visual Studio Solution File, Format Version 12.00
# Visual Studio 15
VisualStudioVersion = 15.0.28307.168
MinimumVisualStudioVersion = 10.0.40219.1
Project("{FAE04EC0-301F-11D3-BF4B-00C04F79EFBC}") = "eMNY.Domain", "eMNY.Domain\eMNY.Domain.csproj", "{B9BB6D73-DC82-485F-8833-D6D08E82BFE8}"
EndProject
Project("{FAE04EC0-301F-11D3-BF4B-00C04F79EFBC}") = "eMNY.Testing", "eMNY.Testing\eMNY.Testing.csproj", "{3A957C49-F1F7-495B-A0E7-D134E618E264}"
EndProject
Project("{FAE04EC0-301F-11D3-BF4B-00C04F79EFBC}") = "eMNY.Migration", "eMNY.Migration\eMNY.Migration.csproj", "{06BD1D4E-4F86-4F09-B80F-3101B5154C24}"
EndProject
Project("{FAE04EC0-301F-11D3-BF4B-00C04F79EFBC}") = "eMNY.Code", "eMNY.Code\eMNY.Code.csproj", "{E1D58468-FDAA-4584-BD2F-CA736212B84A}"
EndProject
Project("{FAE04EC0-301F-11D3-BF4B-00C04F79EFBC}") = "eMNY.Client", "eMNY.Client\eMNY.Client.csproj", "{2921E3C5-95A5-4D3D-8F57-B8F10CBB4943}"
EndProject
Global
	GlobalSection(SolutionConfigurationPlatforms) = preSolution
		Debug|Any CPU = Debug|Any CPU
		Release|Any CPU = Release|Any CPU
	EndGlobalSection
	GlobalSection(ProjectConfigurationPlatforms) = postSolution
		{B9BB6D73-DC82-485F-8833-D6D08E82BFE8}.Debug|Any CPU.ActiveCfg = Debug|Any CPU
		{B9BB6D73-DC82-485F-8833-D6D08E82BFE8}.Debug|Any CPU.Build.0 = Debug|Any CPU
		{B9BB6D73-DC82-485F-8833-D6D08E82BFE8}.Release|Any CPU.ActiveCfg = Release|Any CPU
		{B9BB6D73-DC82-485F-8833-D6D08E82BFE8}.Release|Any CPU.Build.0 = Release|Any CPU
		{3A957C49-F1F7-495B-A0E7-D134E618E264}.Debug|Any CPU.ActiveCfg = Debug|Any CPU
		{3A957C49-F1F7-495B-A0E7-D134E618E264}.Debug|Any CPU.Build.0 = Debug|Any CPU
		{3A957C49-F1F7-495B-A0E7-D134E618E264}.Release|Any CPU.ActiveCfg = Release|Any CPU
		{3A957C49-F1F7-495B-A0E7-D134E618E264}.Release|Any CPU.Build.0 = Release|Any CPU
		{06BD1D4E-4F86-4F09-B80F-3101B5154C24}.Debug|Any CPU.ActiveCfg = Debug|Any CPU
		{06BD1D4E-4F86-4F09-B80F-3101B5154C24}.Debug|Any CPU.Build.0 = Debug|Any CPU
		{06BD1D4E-4F86-4F09-B80F-3101B5154C24}.Release|Any CPU.ActiveCfg = Release|Any CPU
		{06BD1D4E-4F86-4F09-B80F-3101B5154C24}.Release|Any CPU.Build.0 = Release|Any CPU
		{E1D58468-FDAA-4584-BD2F-CA736212B84A}.Debug|Any CPU.ActiveCfg = Debug|Any CPU
		{E1D58468-FDAA-4584-BD2F-CA736212B84A}.Debug|Any CPU.Build.0 = Debug|Any CPU
		{E1D58468-FDAA-4584-BD2F-CA736212B84A}.Release|Any CPU.ActiveCfg = Release|Any CPU
		{E1D58468-FDAA-4584-BD2F-CA736212B84A}.Release|Any CPU.Build.0 = Release|Any CPU
		{2921E3C5-95A5-4D3D-8F57-B8F10CBB4943}.Debug|Any CPU.ActiveCfg = Debug|Any CPU
		{2921E3C5-95A5-4D3D-8F57-B8F10CBB4943}.Debug|Any CPU.Build.0 = Debug|Any CPU
		{2921E3C5-95A5-4D3D-8F57-B8F10CBB4943}.Release|Any CPU.ActiveCfg = Release|Any CPU
		{2921E3C5-95A5-4D3D-8F57-B8F10CBB4943}.Release|Any CPU.Build.0 = Release|Any CPU
	EndGlobalSection
	GlobalSection(SolutionProperties) = preSolution
		HideSolutionNode = FALSE
	EndGlobalSection
	GlobalSection(ExtensibilityGlobals) = postSolution
		SolutionGuid = {9F6E2C78-AED7-45D9-9C12-2686D23CCDFD}
	EndGlobalSection
EndGlobal
